
Microsoft Visual Studio Solution File, Format Version 12.00
Project("{2150E333-8FDC-42A3-9474-1A3956D46DE8}") = "src", "src", "{70B86AB0-DC62-416E-9F59-6900CDF8D072}"
EndProject
Project("{FAE04EC0-301F-11D3-BF4B-00C04F79EFBC}") = "EStudy.Api", "src\backend\EStudy.Api\EStudy.Api.csproj", "{E3C41097-CE41-4F5B-9B26-3190FE091718}"
EndProject
Project("{FAE04EC0-301F-11D3-BF4B-00C04F79EFBC}") = "EStudy.Application", "src\backend\EStudy.Application\EStudy.Application.csproj", "{5D569748-D1BB-4B95-B1C3-A655A272F1FA}"
EndProject
Project("{FAE04EC0-301F-11D3-BF4B-00C04F79EFBC}") = "EStudy.Communication", "src\backend\EStudy.Communication\EStudy.Communication.csproj", "{E13555A9-B849-4B94-8434-0DB1EEF061EF}"
EndProject
Project("{FAE04EC0-301F-11D3-BF4B-00C04F79EFBC}") = "EStudy.Domain", "src\backend\EStudy.Domain\EStudy.Domain.csproj", "{076FAAD0-2FC0-428A-86E9-AC5BFDCFAA74}"
EndProject
Project("{FAE04EC0-301F-11D3-BF4B-00C04F79EFBC}") = "EStudy.Infrastructure", "src\backend\EStudy.Infrastructure\EStudy.Infrastructure.csproj", "{C1DB4EF5-A2DE-4782-BB10-2BB898A173A4}"
EndProject
Project("{FAE04EC0-301F-11D3-BF4B-00C04F79EFBC}") = "EStudy.Exception", "src\backend\EStudy.Exception\EStudy.Exception.csproj", "{3020FB4B-5FEE-4234-9E0D-E2AF8469B9B1}"
EndProject
Project("{2150E333-8FDC-42A3-9474-1A3956D46DE8}") = "tests", "tests", "{CB3825CF-EA5E-4992-AE69-8BF6C097D0A2}"
EndProject
Project("{2150E333-8FDC-42A3-9474-1A3956D46DE8}") = "backend", "backend", "{70C419F6-A17F-430A-A30F-23B789AA6D75}"
EndProject
Project("{2150E333-8FDC-42A3-9474-1A3956D46DE8}") = "frontend", "frontend", "{D59B3FF7-8D9B-4B37-B8BD-51E21DA48924}"
EndProject
Global
	GlobalSection(SolutionConfigurationPlatforms) = preSolution
		Debug|Any CPU = Debug|Any CPU
		Release|Any CPU = Release|Any CPU
	EndGlobalSection
	GlobalSection(ProjectConfigurationPlatforms) = postSolution
		{E3C41097-CE41-4F5B-9B26-3190FE091718}.Debug|Any CPU.ActiveCfg = Debug|Any CPU
		{E3C41097-CE41-4F5B-9B26-3190FE091718}.Debug|Any CPU.Build.0 = Debug|Any CPU
		{E3C41097-CE41-4F5B-9B26-3190FE091718}.Release|Any CPU.ActiveCfg = Release|Any CPU
		{E3C41097-CE41-4F5B-9B26-3190FE091718}.Release|Any CPU.Build.0 = Release|Any CPU
		{5D569748-D1BB-4B95-B1C3-A655A272F1FA}.Debug|Any CPU.ActiveCfg = Debug|Any CPU
		{5D569748-D1BB-4B95-B1C3-A655A272F1FA}.Debug|Any CPU.Build.0 = Debug|Any CPU
		{5D569748-D1BB-4B95-B1C3-A655A272F1FA}.Release|Any CPU.ActiveCfg = Release|Any CPU
		{5D569748-D1BB-4B95-B1C3-A655A272F1FA}.Release|Any CPU.Build.0 = Release|Any CPU
		{E13555A9-B849-4B94-8434-0DB1EEF061EF}.Debug|Any CPU.ActiveCfg = Debug|Any CPU
		{E13555A9-B849-4B94-8434-0DB1EEF061EF}.Debug|Any CPU.Build.0 = Debug|Any CPU
		{E13555A9-B849-4B94-8434-0DB1EEF061EF}.Release|Any CPU.ActiveCfg = Release|Any CPU
		{E13555A9-B849-4B94-8434-0DB1EEF061EF}.Release|Any CPU.Build.0 = Release|Any CPU
		{076FAAD0-2FC0-428A-86E9-AC5BFDCFAA74}.Debug|Any CPU.ActiveCfg = Debug|Any CPU
		{076FAAD0-2FC0-428A-86E9-AC5BFDCFAA74}.Debug|Any CPU.Build.0 = Debug|Any CPU
		{076FAAD0-2FC0-428A-86E9-AC5BFDCFAA74}.Release|Any CPU.ActiveCfg = Release|Any CPU
		{076FAAD0-2FC0-428A-86E9-AC5BFDCFAA74}.Release|Any CPU.Build.0 = Release|Any CPU
		{C1DB4EF5-A2DE-4782-BB10-2BB898A173A4}.Debug|Any CPU.ActiveCfg = Debug|Any CPU
		{C1DB4EF5-A2DE-4782-BB10-2BB898A173A4}.Debug|Any CPU.Build.0 = Debug|Any CPU
		{C1DB4EF5-A2DE-4782-BB10-2BB898A173A4}.Release|Any CPU.ActiveCfg = Release|Any CPU
		{C1DB4EF5-A2DE-4782-BB10-2BB898A173A4}.Release|Any CPU.Build.0 = Release|Any CPU
		{3020FB4B-5FEE-4234-9E0D-E2AF8469B9B1}.Debug|Any CPU.ActiveCfg = Debug|Any CPU
		{3020FB4B-5FEE-4234-9E0D-E2AF8469B9B1}.Debug|Any CPU.Build.0 = Debug|Any CPU
		{3020FB4B-5FEE-4234-9E0D-E2AF8469B9B1}.Release|Any CPU.ActiveCfg = Release|Any CPU
		{3020FB4B-5FEE-4234-9E0D-E2AF8469B9B1}.Release|Any CPU.Build.0 = Release|Any CPU
	EndGlobalSection
	GlobalSection(NestedProjects) = preSolution
		{E3C41097-CE41-4F5B-9B26-3190FE091718} = {70C419F6-A17F-430A-A30F-23B789AA6D75}
		{5D569748-D1BB-4B95-B1C3-A655A272F1FA} = {70C419F6-A17F-430A-A30F-23B789AA6D75}
		{E13555A9-B849-4B94-8434-0DB1EEF061EF} = {70C419F6-A17F-430A-A30F-23B789AA6D75}
		{076FAAD0-2FC0-428A-86E9-AC5BFDCFAA74} = {70C419F6-A17F-430A-A30F-23B789AA6D75}
		{3020FB4B-5FEE-4234-9E0D-E2AF8469B9B1} = {70C419F6-A17F-430A-A30F-23B789AA6D75}
		{C1DB4EF5-A2DE-4782-BB10-2BB898A173A4} = {70C419F6-A17F-430A-A30F-23B789AA6D75}
		{70C419F6-A17F-430A-A30F-23B789AA6D75} = {70B86AB0-DC62-416E-9F59-6900CDF8D072}
		{D59B3FF7-8D9B-4B37-B8BD-51E21DA48924} = {70B86AB0-DC62-416E-9F59-6900CDF8D072}
		{CB3825CF-EA5E-4992-AE69-8BF6C097D0A2} = {70C419F6-A17F-430A-A30F-23B789AA6D75}
	EndGlobalSection
EndGlobal
